// !$*UTF8*$!
{
	archiveVersion = 1;
	classes = {
	};
	objectVersion = 51;
	objects = {

/* Begin PBXBuildFile section */
		0F13E69E2480597100CC3F7B /* Flickr.swift in Sources */ = {isa = PBXBuildFile; fileRef = 0F13E69D2480597100CC3F7B /* Flickr.swift */; };
		0F13E6A024805A4E00CC3F7B /* FlickrSearchResults.swift in Sources */ = {isa = PBXBuildFile; fileRef = 0F13E69F24805A4E00CC3F7B /* FlickrSearchResults.swift */; };
		0F13E6A224805AFB00CC3F7B /* FlickrPhoto.swift in Sources */ = {isa = PBXBuildFile; fileRef = 0F13E6A124805AFB00CC3F7B /* FlickrPhoto.swift */; };
		0F13E6A424805C0000CC3F7B /* Result.swift in Sources */ = {isa = PBXBuildFile; fileRef = 0F13E6A324805C0000CC3F7B /* Result.swift */; };
		0F56FC06247D944B0031171D /* AppDelegate.swift in Sources */ = {isa = PBXBuildFile; fileRef = 0F56FC05247D944B0031171D /* AppDelegate.swift */; };
		0F56FC08247D944B0031171D /* SceneDelegate.swift in Sources */ = {isa = PBXBuildFile; fileRef = 0F56FC07247D944B0031171D /* SceneDelegate.swift */; };
		0F56FC0D247D944B0031171D /* Main.storyboard in Resources */ = {isa = PBXBuildFile; fileRef = 0F56FC0B247D944B0031171D /* Main.storyboard */; };
		0F56FC0F247D944C0031171D /* Assets.xcassets in Resources */ = {isa = PBXBuildFile; fileRef = 0F56FC0E247D944C0031171D /* Assets.xcassets */; };
		0F56FC12247D944C0031171D /* LaunchScreen.storyboard in Resources */ = {isa = PBXBuildFile; fileRef = 0F56FC10247D944C0031171D /* LaunchScreen.storyboard */; };
		0F56FC1F247DA1410031171D /* TravelLocationsViewController.swift in Sources */ = {isa = PBXBuildFile; fileRef = 0F56FC1E247DA1410031171D /* TravelLocationsViewController.swift */; };
		0F56FC21247DA1780031171D /* PhotoAlbumViewController.swift in Sources */ = {isa = PBXBuildFile; fileRef = 0F56FC20247DA1780031171D /* PhotoAlbumViewController.swift */; };
		0F627CD724828AA8009A6FF7 /* DataController.swift in Sources */ = {isa = PBXBuildFile; fileRef = 0F627CD624828AA8009A6FF7 /* DataController.swift */; };
		0F627CDA24828B19009A6FF7 /* VirtualTourist.xcdatamodeld in Sources */ = {isa = PBXBuildFile; fileRef = 0F627CD824828B19009A6FF7 /* VirtualTourist.xcdatamodeld */; };
		0F7A8B34248571A400F25101 /* UIViewController+Extension.swift in Sources */ = {isa = PBXBuildFile; fileRef = 0F7A8B33248571A300F25101 /* UIViewController+Extension.swift */; };
		0F7A8B362485724F00F25101 /* Reachability.swift in Sources */ = {isa = PBXBuildFile; fileRef = 0F7A8B352485724F00F25101 /* Reachability.swift */; };
		0FB9651D247EADDF005F497C /* MapKitManager.swift in Sources */ = {isa = PBXBuildFile; fileRef = 0FB9651C247EADDF005F497C /* MapKitManager.swift */; };
		0FB96521247EDDC8005F497C /* PhotoCollectionViewCell.swift in Sources */ = {isa = PBXBuildFile; fileRef = 0FB96520247EDDC8005F497C /* PhotoCollectionViewCell.swift */; };
		16A81BF23D6BAF54531E158B /* Pods_VirtualTourist.framework in Frameworks */ = {isa = PBXBuildFile; fileRef = 9E0610499237AEBC0847C4A4 /* Pods_VirtualTourist.framework */; };
/* End PBXBuildFile section */

/* Begin PBXFileReference section */
		0F13E69D2480597100CC3F7B /* Flickr.swift */ = {isa = PBXFileReference; lastKnownFileType = sourcecode.swift; path = Flickr.swift; sourceTree = "<group>"; };
		0F13E69F24805A4E00CC3F7B /* FlickrSearchResults.swift */ = {isa = PBXFileReference; lastKnownFileType = sourcecode.swift; path = FlickrSearchResults.swift; sourceTree = "<group>"; };
		0F13E6A124805AFB00CC3F7B /* FlickrPhoto.swift */ = {isa = PBXFileReference; lastKnownFileType = sourcecode.swift; path = FlickrPhoto.swift; sourceTree = "<group>"; };
		0F13E6A324805C0000CC3F7B /* Result.swift */ = {isa = PBXFileReference; lastKnownFileType = sourcecode.swift; path = Result.swift; sourceTree = "<group>"; };
		0F56FC02247D944B0031171D /* VirtualTourist.app */ = {isa = PBXFileReference; explicitFileType = wrapper.application; includeInIndex = 0; path = VirtualTourist.app; sourceTree = BUILT_PRODUCTS_DIR; };
		0F56FC05247D944B0031171D /* AppDelegate.swift */ = {isa = PBXFileReference; lastKnownFileType = sourcecode.swift; path = AppDelegate.swift; sourceTree = "<group>"; };
		0F56FC07247D944B0031171D /* SceneDelegate.swift */ = {isa = PBXFileReference; lastKnownFileType = sourcecode.swift; path = SceneDelegate.swift; sourceTree = "<group>"; };
		0F56FC0C247D944B0031171D /* Base */ = {isa = PBXFileReference; lastKnownFileType = file.storyboard; name = Base; path = Base.lproj/Main.storyboard; sourceTree = "<group>"; };
		0F56FC0E247D944C0031171D /* Assets.xcassets */ = {isa = PBXFileReference; lastKnownFileType = folder.assetcatalog; path = Assets.xcassets; sourceTree = "<group>"; };
		0F56FC11247D944C0031171D /* Base */ = {isa = PBXFileReference; lastKnownFileType = file.storyboard; name = Base; path = Base.lproj/LaunchScreen.storyboard; sourceTree = "<group>"; };
		0F56FC13247D944C0031171D /* Info.plist */ = {isa = PBXFileReference; lastKnownFileType = text.plist.xml; path = Info.plist; sourceTree = "<group>"; };
		0F56FC1E247DA1410031171D /* TravelLocationsViewController.swift */ = {isa = PBXFileReference; lastKnownFileType = sourcecode.swift; path = TravelLocationsViewController.swift; sourceTree = "<group>"; };
		0F56FC20247DA1780031171D /* PhotoAlbumViewController.swift */ = {isa = PBXFileReference; lastKnownFileType = sourcecode.swift; path = PhotoAlbumViewController.swift; sourceTree = "<group>"; };
		0F627CD624828AA8009A6FF7 /* DataController.swift */ = {isa = PBXFileReference; lastKnownFileType = sourcecode.swift; path = DataController.swift; sourceTree = "<group>"; };
		0F627CD924828B19009A6FF7 /* VirtualTourist.xcdatamodel */ = {isa = PBXFileReference; lastKnownFileType = wrapper.xcdatamodel; path = VirtualTourist.xcdatamodel; sourceTree = "<group>"; };
		0F7A8B33248571A300F25101 /* UIViewController+Extension.swift */ = {isa = PBXFileReference; lastKnownFileType = sourcecode.swift; path = "UIViewController+Extension.swift"; sourceTree = "<group>"; };
		0F7A8B352485724F00F25101 /* Reachability.swift */ = {isa = PBXFileReference; lastKnownFileType = sourcecode.swift; path = Reachability.swift; sourceTree = "<group>"; };
		0FB9651C247EADDF005F497C /* MapKitManager.swift */ = {isa = PBXFileReference; lastKnownFileType = sourcecode.swift; path = MapKitManager.swift; sourceTree = "<group>"; };
		0FB96520247EDDC8005F497C /* PhotoCollectionViewCell.swift */ = {isa = PBXFileReference; lastKnownFileType = sourcecode.swift; path = PhotoCollectionViewCell.swift; sourceTree = "<group>"; };
		7F1BCE614442B68F7E609F08 /* Pods-VirtualTourist.release.xcconfig */ = {isa = PBXFileReference; includeInIndex = 1; lastKnownFileType = text.xcconfig; name = "Pods-VirtualTourist.release.xcconfig"; path = "Target Support Files/Pods-VirtualTourist/Pods-VirtualTourist.release.xcconfig"; sourceTree = "<group>"; };
		9E0610499237AEBC0847C4A4 /* Pods_VirtualTourist.framework */ = {isa = PBXFileReference; explicitFileType = wrapper.framework; includeInIndex = 0; path = Pods_VirtualTourist.framework; sourceTree = BUILT_PRODUCTS_DIR; };
		C2CC81CC209766041A5DD413 /* Pods-VirtualTourist.debug.xcconfig */ = {isa = PBXFileReference; includeInIndex = 1; lastKnownFileType = text.xcconfig; name = "Pods-VirtualTourist.debug.xcconfig"; path = "Target Support Files/Pods-VirtualTourist/Pods-VirtualTourist.debug.xcconfig"; sourceTree = "<group>"; };
/* End PBXFileReference section */

/* Begin PBXFrameworksBuildPhase section */
		0F56FBFF247D944B0031171D /* Frameworks */ = {
			isa = PBXFrameworksBuildPhase;
			buildActionMask = 2147483647;
			files = (
				16A81BF23D6BAF54531E158B /* Pods_VirtualTourist.framework in Frameworks */,
			);
			runOnlyForDeploymentPostprocessing = 0;
		};
/* End PBXFrameworksBuildPhase section */

/* Begin PBXGroup section */
		0F155D4A247DBC7200BBA9B8 /* Networking */ = {
			isa = PBXGroup;
			children = (
				0F155D50247DBE1900BBA9B8 /* Flickr */,
				0F7A8B352485724F00F25101 /* Reachability.swift */,
			);
			path = Networking;
			sourceTree = "<group>";
		};
		0F155D50247DBE1900BBA9B8 /* Flickr */ = {
			isa = PBXGroup;
			children = (
				0F13E69D2480597100CC3F7B /* Flickr.swift */,
				0F13E69F24805A4E00CC3F7B /* FlickrSearchResults.swift */,
				0F13E6A124805AFB00CC3F7B /* FlickrPhoto.swift */,
				0F13E6A324805C0000CC3F7B /* Result.swift */,
			);
			path = Flickr;
			sourceTree = "<group>";
		};
		0F56FBF9247D944B0031171D = {
			isa = PBXGroup;
			children = (
				0F56FC04247D944B0031171D /* VirtualTourist */,
				0F56FC03247D944B0031171D /* Products */,
				3E86F2CBCC5110B004BAB23F /* Pods */,
				5E4FCB40D5E3F506404A0B3A /* Frameworks */,
			);
			sourceTree = "<group>";
		};
		0F56FC03247D944B0031171D /* Products */ = {
			isa = PBXGroup;
			children = (
				0F56FC02247D944B0031171D /* VirtualTourist.app */,
			);
			name = Products;
			sourceTree = "<group>";
		};
		0F56FC04247D944B0031171D /* VirtualTourist */ = {
			isa = PBXGroup;
			children = (
				0F56FC05247D944B0031171D /* AppDelegate.swift */,
				0F56FC07247D944B0031171D /* SceneDelegate.swift */,
				0F7A8B322485717500F25101 /* Extensions */,
				0F56FC19247D9DA80031171D /* Model */,
				0FB9651B247EAD67005F497C /* Services */,
				0F155D4A247DBC7200BBA9B8 /* Networking */,
				0F56FC1D247D9E890031171D /* Storyboards */,
				0F56FC1C247D9E260031171D /* Assets */,
				0F56FC1B247D9E1B0031171D /* Views */,
				0F56FC1A247D9DFE0031171D /* ViewControllers */,
				0F56FC13247D944C0031171D /* Info.plist */,
			);
			path = VirtualTourist;
			sourceTree = "<group>";
		};
		0F56FC19247D9DA80031171D /* Model */ = {
			isa = PBXGroup;
			children = (
				0F627CD624828AA8009A6FF7 /* DataController.swift */,
				0F627CD824828B19009A6FF7 /* VirtualTourist.xcdatamodeld */,
			);
			path = Model;
			sourceTree = "<group>";
		};
		0F56FC1A247D9DFE0031171D /* ViewControllers */ = {
			isa = PBXGroup;
			children = (
				0F56FC1E247DA1410031171D /* TravelLocationsViewController.swift */,
				0F56FC20247DA1780031171D /* PhotoAlbumViewController.swift */,
			);
			path = ViewControllers;
			sourceTree = "<group>";
		};
		0F56FC1B247D9E1B0031171D /* Views */ = {
			isa = PBXGroup;
			children = (
				0FB96520247EDDC8005F497C /* PhotoCollectionViewCell.swift */,
			);
			path = Views;
			sourceTree = "<group>";
		};
		0F56FC1C247D9E260031171D /* Assets */ = {
			isa = PBXGroup;
			children = (
				0F56FC0E247D944C0031171D /* Assets.xcassets */,
			);
			path = Assets;
			sourceTree = "<group>";
		};
		0F56FC1D247D9E890031171D /* Storyboards */ = {
			isa = PBXGroup;
			children = (
				0F56FC10247D944C0031171D /* LaunchScreen.storyboard */,
				0F56FC0B247D944B0031171D /* Main.storyboard */,
			);
			path = Storyboards;
			sourceTree = "<group>";
		};
		0F7A8B322485717500F25101 /* Extensions */ = {
			isa = PBXGroup;
			children = (
				0F7A8B33248571A300F25101 /* UIViewController+Extension.swift */,
			);
			path = Extensions;
			sourceTree = "<group>";
		};
		0FB9651B247EAD67005F497C /* Services */ = {
			isa = PBXGroup;
			children = (
				0FB9651C247EADDF005F497C /* MapKitManager.swift */,
			);
			path = Services;
			sourceTree = "<group>";
		};
		3E86F2CBCC5110B004BAB23F /* Pods */ = {
			isa = PBXGroup;
			children = (
				C2CC81CC209766041A5DD413 /* Pods-VirtualTourist.debug.xcconfig */,
				7F1BCE614442B68F7E609F08 /* Pods-VirtualTourist.release.xcconfig */,
			);
			path = Pods;
			sourceTree = "<group>";
		};
		5E4FCB40D5E3F506404A0B3A /* Frameworks */ = {
			isa = PBXGroup;
			children = (
				9E0610499237AEBC0847C4A4 /* Pods_VirtualTourist.framework */,
			);
			name = Frameworks;
			sourceTree = "<group>";
		};
/* End PBXGroup section */

/* Begin PBXNativeTarget section */
		0F56FC01247D944B0031171D /* VirtualTourist */ = {
			isa = PBXNativeTarget;
			buildConfigurationList = 0F56FC16247D944C0031171D /* Build configuration list for PBXNativeTarget "VirtualTourist" */;
			buildPhases = (
				702929C4417E9E298952ADC0 /* [CP] Check Pods Manifest.lock */,
				0F56FBFE247D944B0031171D /* Sources */,
				0F56FBFF247D944B0031171D /* Frameworks */,
				0F56FC00247D944B0031171D /* Resources */,
				998C5B7230EF52064864AC94 /* [CP] Embed Pods Frameworks */,
			);
			buildRules = (
			);
			dependencies = (
			);
			name = VirtualTourist;
			productName = VirtualTourist;
			productReference = 0F56FC02247D944B0031171D /* VirtualTourist.app */;
			productType = "com.apple.product-type.application";
		};
/* End PBXNativeTarget section */

/* Begin PBXProject section */
		0F56FBFA247D944B0031171D /* Project object */ = {
			isa = PBXProject;
			attributes = {
				LastSwiftUpdateCheck = 1150;
				LastUpgradeCheck = 1150;
				ORGANIZATIONNAME = "Tiago Xavier da Cunha Almeida";
				TargetAttributes = {
					0F56FC01247D944B0031171D = {
						CreatedOnToolsVersion = 11.5;
					};
				};
			};
			buildConfigurationList = 0F56FBFD247D944B0031171D /* Build configuration list for PBXProject "VirtualTourist" */;
			compatibilityVersion = "Xcode 9.3";
			developmentRegion = en;
			hasScannedForEncodings = 0;
			knownRegions = (
				en,
				Base,
			);
			mainGroup = 0F56FBF9247D944B0031171D;
			productRefGroup = 0F56FC03247D944B0031171D /* Products */;
			projectDirPath = "";
			projectRoot = "";
			targets = (
				0F56FC01247D944B0031171D /* VirtualTourist */,
			);
		};
/* End PBXProject section */

/* Begin PBXResourcesBuildPhase section */
		0F56FC00247D944B0031171D /* Resources */ = {
			isa = PBXResourcesBuildPhase;
			buildActionMask = 2147483647;
			files = (
				0F56FC12247D944C0031171D /* LaunchScreen.storyboard in Resources */,
				0F56FC0F247D944C0031171D /* Assets.xcassets in Resources */,
				0F56FC0D247D944B0031171D /* Main.storyboard in Resources */,
			);
			runOnlyForDeploymentPostprocessing = 0;
		};
/* End PBXResourcesBuildPhase section */

/* Begin PBXShellScriptBuildPhase section */
		702929C4417E9E298952ADC0 /* [CP] Check Pods Manifest.lock */ = {
			isa = PBXShellScriptBuildPhase;
			buildActionMask = 2147483647;
			files = (
			);
			inputFileListPaths = (
			);
			inputPaths = (
				"${PODS_PODFILE_DIR_PATH}/Podfile.lock",
				"${PODS_ROOT}/Manifest.lock",
			);
			name = "[CP] Check Pods Manifest.lock";
			outputFileListPaths = (
			);
			outputPaths = (
				"$(DERIVED_FILE_DIR)/Pods-VirtualTourist-checkManifestLockResult.txt",
			);
			runOnlyForDeploymentPostprocessing = 0;
			shellPath = /bin/sh;
			shellScript = "diff \"${PODS_PODFILE_DIR_PATH}/Podfile.lock\" \"${PODS_ROOT}/Manifest.lock\" > /dev/null\nif [ $? != 0 ] ; then\n    # print error to STDERR\n    echo \"error: The sandbox is not in sync with the Podfile.lock. Run 'pod install' or update your CocoaPods installation.\" >&2\n    exit 1\nfi\n# This output is used by Xcode 'outputs' to avoid re-running this script phase.\necho \"SUCCESS\" > \"${SCRIPT_OUTPUT_FILE_0}\"\n";
			showEnvVarsInLog = 0;
		};
		998C5B7230EF52064864AC94 /* [CP] Embed Pods Frameworks */ = {
			isa = PBXShellScriptBuildPhase;
			buildActionMask = 2147483647;
			files = (
			);
			inputFileListPaths = (
				"${PODS_ROOT}/Target Support Files/Pods-VirtualTourist/Pods-VirtualTourist-frameworks-${CONFIGURATION}-input-files.xcfilelist",
			);
			name = "[CP] Embed Pods Frameworks";
			outputFileListPaths = (
				"${PODS_ROOT}/Target Support Files/Pods-VirtualTourist/Pods-VirtualTourist-frameworks-${CONFIGURATION}-output-files.xcfilelist",
			);
			runOnlyForDeploymentPostprocessing = 0;
			shellPath = /bin/sh;
			shellScript = "\"${PODS_ROOT}/Target Support Files/Pods-VirtualTourist/Pods-VirtualTourist-frameworks.sh\"\n";
			showEnvVarsInLog = 0;
		};
/* End PBXShellScriptBuildPhase section */

/* Begin PBXSourcesBuildPhase section */
		0F56FBFE247D944B0031171D /* Sources */ = {
			isa = PBXSourcesBuildPhase;
			buildActionMask = 2147483647;
			files = (
				0F7A8B34248571A400F25101 /* UIViewController+Extension.swift in Sources */,
				0F56FC06247D944B0031171D /* AppDelegate.swift in Sources */,
				0F13E69E2480597100CC3F7B /* Flickr.swift in Sources */,
				0F627CDA24828B19009A6FF7 /* VirtualTourist.xcdatamodeld in Sources */,
				0F56FC08247D944B0031171D /* SceneDelegate.swift in Sources */,
				0F56FC1F247DA1410031171D /* TravelLocationsViewController.swift in Sources */,
				0F7A8B362485724F00F25101 /* Reachability.swift in Sources */,
				0F56FC21247DA1780031171D /* PhotoAlbumViewController.swift in Sources */,
				0F13E6A424805C0000CC3F7B /* Result.swift in Sources */,
				0F627CD724828AA8009A6FF7 /* DataController.swift in Sources */,
				0FB96521247EDDC8005F497C /* PhotoCollectionViewCell.swift in Sources */,
				0FB9651D247EADDF005F497C /* MapKitManager.swift in Sources */,
				0F13E6A224805AFB00CC3F7B /* FlickrPhoto.swift in Sources */,
				0F13E6A024805A4E00CC3F7B /* FlickrSearchResults.swift in Sources */,
			);
			runOnlyForDeploymentPostprocessing = 0;
		};
/* End PBXSourcesBuildPhase section */

/* Begin PBXVariantGroup section */
		0F56FC0B247D944B0031171D /* Main.storyboard */ = {
			isa = PBXVariantGroup;
			children = (
				0F56FC0C247D944B0031171D /* Base */,
			);
			name = Main.storyboard;
			sourceTree = "<group>";
		};
		0F56FC10247D944C0031171D /* LaunchScreen.storyboard */ = {
			isa = PBXVariantGroup;
			children = (
				0F56FC11247D944C0031171D /* Base */,
			);
			name = LaunchScreen.storyboard;
			sourceTree = "<group>";
		};
/* End PBXVariantGroup section */

/* Begin XCBuildConfiguration section */
		0F56FC14247D944C0031171D /* Debug */ = {
			isa = XCBuildConfiguration;
			buildSettings = {
				ALWAYS_SEARCH_USER_PATHS = NO;
				CLANG_ANALYZER_NONNULL = YES;
				CLANG_ANALYZER_NUMBER_OBJECT_CONVERSION = YES_AGGRESSIVE;
				CLANG_CXX_LANGUAGE_STANDARD = "gnu++14";
				CLANG_CXX_LIBRARY = "libc++";
				CLANG_ENABLE_MODULES = YES;
				CLANG_ENABLE_OBJC_ARC = YES;
				CLANG_ENABLE_OBJC_WEAK = YES;
				CLANG_WARN_BLOCK_CAPTURE_AUTORELEASING = YES;
				CLANG_WARN_BOOL_CONVERSION = YES;
				CLANG_WARN_COMMA = YES;
				CLANG_WARN_CONSTANT_CONVERSION = YES;
				CLANG_WARN_DEPRECATED_OBJC_IMPLEMENTATIONS = YES;
				CLANG_WARN_DIRECT_OBJC_ISA_USAGE = YES_ERROR;
				CLANG_WARN_DOCUMENTATION_COMMENTS = YES;
				CLANG_WARN_EMPTY_BODY = YES;
				CLANG_WARN_ENUM_CONVERSION = YES;
				CLANG_WARN_INFINITE_RECURSION = YES;
				CLANG_WARN_INT_CONVERSION = YES;
				CLANG_WARN_NON_LITERAL_NULL_CONVERSION = YES;
				CLANG_WARN_OBJC_IMPLICIT_RETAIN_SELF = YES;
				CLANG_WARN_OBJC_LITERAL_CONVERSION = YES;
				CLANG_WARN_OBJC_ROOT_CLASS = YES_ERROR;
				CLANG_WARN_RANGE_LOOP_ANALYSIS = YES;
				CLANG_WARN_STRICT_PROTOTYPES = YES;
				CLANG_WARN_SUSPICIOUS_MOVE = YES;
				CLANG_WARN_UNGUARDED_AVAILABILITY = YES_AGGRESSIVE;
				CLANG_WARN_UNREACHABLE_CODE = YES;
				CLANG_WARN__DUPLICATE_METHOD_MATCH = YES;
				COPY_PHASE_STRIP = NO;
				DEBUG_INFORMATION_FORMAT = dwarf;
				ENABLE_STRICT_OBJC_MSGSEND = YES;
				ENABLE_TESTABILITY = YES;
				GCC_C_LANGUAGE_STANDARD = gnu11;
				GCC_DYNAMIC_NO_PIC = NO;
				GCC_NO_COMMON_BLOCKS = YES;
				GCC_OPTIMIZATION_LEVEL = 0;
				GCC_PREPROCESSOR_DEFINITIONS = (
					"DEBUG=1",
					"$(inherited)",
				);
				GCC_WARN_64_TO_32_BIT_CONVERSION = YES;
				GCC_WARN_ABOUT_RETURN_TYPE = YES_ERROR;
				GCC_WARN_UNDECLARED_SELECTOR = YES;
				GCC_WARN_UNINITIALIZED_AUTOS = YES_AGGRESSIVE;
				GCC_WARN_UNUSED_FUNCTION = YES;
				GCC_WARN_UNUSED_VARIABLE = YES;
				IPHONEOS_DEPLOYMENT_TARGET = 13.5;
				MTL_ENABLE_DEBUG_INFO = INCLUDE_SOURCE;
				MTL_FAST_MATH = YES;
				ONLY_ACTIVE_ARCH = YES;
				SDKROOT = iphoneos;
				SWIFT_ACTIVE_COMPILATION_CONDITIONS = DEBUG;
				SWIFT_OPTIMIZATION_LEVEL = "-Onone";
			};
			name = Debug;
		};
		0F56FC15247D944C0031171D /* Release */ = {
			isa = XCBuildConfiguration;
			buildSettings = {
				ALWAYS_SEARCH_USER_PATHS = NO;
				CLANG_ANALYZER_NONNULL = YES;
				CLANG_ANALYZER_NUMBER_OBJECT_CONVERSION = YES_AGGRESSIVE;
				CLANG_CXX_LANGUAGE_STANDARD = "gnu++14";
				CLANG_CXX_LIBRARY = "libc++";
				CLANG_ENABLE_MODULES = YES;
				CLANG_ENABLE_OBJC_ARC = YES;
				CLANG_ENABLE_OBJC_WEAK = YES;
				CLANG_WARN_BLOCK_CAPTURE_AUTORELEASING = YES;
				CLANG_WARN_BOOL_CONVERSION = YES;
				CLANG_WARN_COMMA = YES;
				CLANG_WARN_CONSTANT_CONVERSION = YES;
				CLANG_WARN_DEPRECATED_OBJC_IMPLEMENTATIONS = YES;
				CLANG_WARN_DIRECT_OBJC_ISA_USAGE = YES_ERROR;
				CLANG_WARN_DOCUMENTATION_COMMENTS = YES;
				CLANG_WARN_EMPTY_BODY = YES;
				CLANG_WARN_ENUM_CONVERSION = YES;
				CLANG_WARN_INFINITE_RECURSION = YES;
				CLANG_WARN_INT_CONVERSION = YES;
				CLANG_WARN_NON_LITERAL_NULL_CONVERSION = YES;
				CLANG_WARN_OBJC_IMPLICIT_RETAIN_SELF = YES;
				CLANG_WARN_OBJC_LITERAL_CONVERSION = YES;
				CLANG_WARN_OBJC_ROOT_CLASS = YES_ERROR;
				CLANG_WARN_RANGE_LOOP_ANALYSIS = YES;
				CLANG_WARN_STRICT_PROTOTYPES = YES;
				CLANG_WARN_SUSPICIOUS_MOVE = YES;
				CLANG_WARN_UNGUARDED_AVAILABILITY = YES_AGGRESSIVE;
				CLANG_WARN_UNREACHABLE_CODE = YES;
				CLANG_WARN__DUPLICATE_METHOD_MATCH = YES;
				COPY_PHASE_STRIP = NO;
				DEBUG_INFORMATION_FORMAT = "dwarf-with-dsym";
				ENABLE_NS_ASSERTIONS = NO;
				ENABLE_STRICT_OBJC_MSGSEND = YES;
				GCC_C_LANGUAGE_STANDARD = gnu11;
				GCC_NO_COMMON_BLOCKS = YES;
				GCC_WARN_64_TO_32_BIT_CONVERSION = YES;
				GCC_WARN_ABOUT_RETURN_TYPE = YES_ERROR;
				GCC_WARN_UNDECLARED_SELECTOR = YES;
				GCC_WARN_UNINITIALIZED_AUTOS = YES_AGGRESSIVE;
				GCC_WARN_UNUSED_FUNCTION = YES;
				GCC_WARN_UNUSED_VARIABLE = YES;
				IPHONEOS_DEPLOYMENT_TARGET = 13.5;
				MTL_ENABLE_DEBUG_INFO = NO;
				MTL_FAST_MATH = YES;
				SDKROOT = iphoneos;
				SWIFT_COMPILATION_MODE = wholemodule;
				SWIFT_OPTIMIZATION_LEVEL = "-O";
				VALIDATE_PRODUCT = YES;
			};
			name = Release;
		};
		0F56FC17247D944C0031171D /* Debug */ = {
			isa = XCBuildConfiguration;
			baseConfigurationReference = C2CC81CC209766041A5DD413 /* Pods-VirtualTourist.debug.xcconfig */;
			buildSettings = {
				ASSETCATALOG_COMPILER_APPICON_NAME = AppIcon;
				CODE_SIGN_STYLE = Automatic;
				DEVELOPMENT_TEAM = 97LX76G7LJ;
				INFOPLIST_FILE = VirtualTourist/Info.plist;
				IPHONEOS_DEPLOYMENT_TARGET = 13.4;
				LD_RUNPATH_SEARCH_PATHS = (
					"$(inherited)",
					"@executable_path/Frameworks",
				);
				PRODUCT_BUNDLE_IDENTIFIER = pt.udacity.VirtualTourist;
				PRODUCT_NAME = "$(TARGET_NAME)";
				SWIFT_VERSION = 5.0;
				TARGETED_DEVICE_FAMILY = "1,2";
			};
			name = Debug;
		};
		0F56FC18247D944C0031171D /* Release */ = {
			isa = XCBuildConfiguration;
			baseConfigurationReference = 7F1BCE614442B68F7E609F08 /* Pods-VirtualTourist.release.xcconfig */;
			buildSettings = {
				ASSETCATALOG_COMPILER_APPICON_NAME = AppIcon;
				CODE_SIGN_STYLE = Automatic;
				DEVELOPMENT_TEAM = 97LX76G7LJ;
				INFOPLIST_FILE = VirtualTourist/Info.plist;
				IPHONEOS_DEPLOYMENT_TARGET = 13.4;
				LD_RUNPATH_SEARCH_PATHS = (
					"$(inherited)",
					"@executable_path/Frameworks",
				);
				PRODUCT_BUNDLE_IDENTIFIER = pt.udacity.VirtualTourist;
				PRODUCT_NAME = "$(TARGET_NAME)";
				SWIFT_VERSION = 5.0;
				TARGETED_DEVICE_FAMILY = "1,2";
			};
			name = Release;
		};
/* End XCBuildConfiguration section */

/* Begin XCConfigurationList section */
		0F56FBFD247D944B0031171D /* Build configuration list for PBXProject "VirtualTourist" */ = {
			isa = XCConfigurationList;
			buildConfigurations = (
				0F56FC14247D944C0031171D /* Debug */,
				0F56FC15247D944C0031171D /* Release */,
			);
			defaultConfigurationIsVisible = 0;
			defaultConfigurationName = Release;
		};
		0F56FC16247D944C0031171D /* Build configuration list for PBXNativeTarget "VirtualTourist" */ = {
			isa = XCConfigurationList;
			buildConfigurations = (
				0F56FC17247D944C0031171D /* Debug */,
				0F56FC18247D944C0031171D /* Release */,
			);
			defaultConfigurationIsVisible = 0;
			defaultConfigurationName = Release;
		};
/* End XCConfigurationList section */

/* Begin XCVersionGroup section */
		0F627CD824828B19009A6FF7 /* VirtualTourist.xcdatamodeld */ = {
			isa = XCVersionGroup;
			children = (
				0F627CD924828B19009A6FF7 /* VirtualTourist.xcdatamodel */,
			);
			currentVersion = 0F627CD924828B19009A6FF7 /* VirtualTourist.xcdatamodel */;
			path = VirtualTourist.xcdatamodeld;
			sourceTree = "<group>";
			versionGroupType = wrapper.xcdatamodel;
		};
/* End XCVersionGroup section */
	};
	rootObject = 0F56FBFA247D944B0031171D /* Project object */;
}
